
Microsoft Visual Studio Solution File, Format Version 12.00
# Visual Studio Version 17
VisualStudioVersion = 17.9.34902.65
MinimumVisualStudioVersion = 10.0.40219.1
Project("{9A19103F-16F7-4668-BE54-9A1E7A4F7556}") = "BulkyWeb", "BulkyWeb\BulkyWeb.csproj", "{79472780-640F-44D2-AFA0-0BC5ABD35B7E}"
EndProject
Project("{9A19103F-16F7-4668-BE54-9A1E7A4F7556}") = "Bulky.DataAccess", "Bulky.DataAccess\Bulky.DataAccess.csproj", "{4CC08DEE-460F-4F39-8675-2ABD86E3E70C}"
EndProject
Project("{9A19103F-16F7-4668-BE54-9A1E7A4F7556}") = "Bulky.Models", "Bulky.Models\Bulky.Models.csproj", "{0957282F-D30B-4F95-8A8C-34C2843769A5}"
EndProject
Project("{9A19103F-16F7-4668-BE54-9A1E7A4F7556}") = "Bulky.Utility", "Bulky.Utility\Bulky.Utility.csproj", "{8C5E9807-DEB5-4C33-A45B-52C0024CE8D8}"
EndProject
Global
	GlobalSection(SolutionConfigurationPlatforms) = preSolution
		Debug|Any CPU = Debug|Any CPU
		Release|Any CPU = Release|Any CPU
	EndGlobalSection
	GlobalSection(ProjectConfigurationPlatforms) = postSolution
		{79472780-640F-44D2-AFA0-0BC5ABD35B7E}.Debug|Any CPU.ActiveCfg = Debug|Any CPU
		{79472780-640F-44D2-AFA0-0BC5ABD35B7E}.Debug|Any CPU.Build.0 = Debug|Any CPU
		{79472780-640F-44D2-AFA0-0BC5ABD35B7E}.Release|Any CPU.ActiveCfg = Release|Any CPU
		{79472780-640F-44D2-AFA0-0BC5ABD35B7E}.Release|Any CPU.Build.0 = Release|Any CPU
		{4CC08DEE-460F-4F39-8675-2ABD86E3E70C}.Debug|Any CPU.ActiveCfg = Debug|Any CPU
		{4CC08DEE-460F-4F39-8675-2ABD86E3E70C}.Debug|Any CPU.Build.0 = Debug|Any CPU
		{4CC08DEE-460F-4F39-8675-2ABD86E3E70C}.Release|Any CPU.ActiveCfg = Release|Any CPU
		{4CC08DEE-460F-4F39-8675-2ABD86E3E70C}.Release|Any CPU.Build.0 = Release|Any CPU
		{0957282F-D30B-4F95-8A8C-34C2843769A5}.Debug|Any CPU.ActiveCfg = Debug|Any CPU
		{0957282F-D30B-4F95-8A8C-34C2843769A5}.Debug|Any CPU.Build.0 = Debug|Any CPU
		{0957282F-D30B-4F95-8A8C-34C2843769A5}.Release|Any CPU.ActiveCfg = Release|Any CPU
		{0957282F-D30B-4F95-8A8C-34C2843769A5}.Release|Any CPU.Build.0 = Release|Any CPU
		{8C5E9807-DEB5-4C33-A45B-52C0024CE8D8}.Debug|Any CPU.ActiveCfg = Debug|Any CPU
		{8C5E9807-DEB5-4C33-A45B-52C0024CE8D8}.Debug|Any CPU.Build.0 = Debug|Any CPU
		{8C5E9807-DEB5-4C33-A45B-52C0024CE8D8}.Release|Any CPU.ActiveCfg = Release|Any CPU
		{8C5E9807-DEB5-4C33-A45B-52C0024CE8D8}.Release|Any CPU.Build.0 = Release|Any CPU
	EndGlobalSection
	GlobalSection(SolutionProperties) = preSolution
		HideSolutionNode = FALSE
	EndGlobalSection
	GlobalSection(ExtensibilityGlobals) = postSolution
		SolutionGuid = {C6D72DF1-014D-49E4-AEAE-45568F976547}
	EndGlobalSection
EndGlobal
